
Microsoft Visual Studio Solution File, Format Version 12.00
# Visual Studio Version 16
VisualStudioVersion = 16.0.30406.217
MinimumVisualStudioVersion = 10.0.40219.1
Project("{FAE04EC0-301F-11D3-BF4B-00C04F79EFBC}") = "meteo.Android", "meteo\meteo.Android\meteo.Android.csproj", "{05314D9A-3BEC-4539-8FB5-625021F8A1A2}"
EndProject
Project("{FAE04EC0-301F-11D3-BF4B-00C04F79EFBC}") = "meteo", "meteo\meteo\meteo.csproj", "{2E61AD60-58BD-4AEB-834F-355CC6A00952}"
EndProject
Global
	GlobalSection(SolutionConfigurationPlatforms) = preSolution
		Debug|Any CPU = Debug|Any CPU
		Release|Any CPU = Release|Any CPU
	EndGlobalSection
	GlobalSection(ProjectConfigurationPlatforms) = postSolution
		{05314D9A-3BEC-4539-8FB5-625021F8A1A2}.Debug|Any CPU.ActiveCfg = Debug|Any CPU
		{05314D9A-3BEC-4539-8FB5-625021F8A1A2}.Debug|Any CPU.Build.0 = Debug|Any CPU
		{05314D9A-3BEC-4539-8FB5-625021F8A1A2}.Debug|Any CPU.Deploy.0 = Debug|Any CPU
		{05314D9A-3BEC-4539-8FB5-625021F8A1A2}.Release|Any CPU.ActiveCfg = Release|Any CPU
		{05314D9A-3BEC-4539-8FB5-625021F8A1A2}.Release|Any CPU.Build.0 = Release|Any CPU
		{05314D9A-3BEC-4539-8FB5-625021F8A1A2}.Release|Any CPU.Deploy.0 = Release|Any CPU
		{2E61AD60-58BD-4AEB-834F-355CC6A00952}.Debug|Any CPU.ActiveCfg = Debug|Any CPU
		{2E61AD60-58BD-4AEB-834F-355CC6A00952}.Debug|Any CPU.Build.0 = Debug|Any CPU
		{2E61AD60-58BD-4AEB-834F-355CC6A00952}.Debug|Any CPU.Deploy.0 = Debug|Any CPU
		{2E61AD60-58BD-4AEB-834F-355CC6A00952}.Release|Any CPU.ActiveCfg = Release|Any CPU
		{2E61AD60-58BD-4AEB-834F-355CC6A00952}.Release|Any CPU.Build.0 = Release|Any CPU
		{2E61AD60-58BD-4AEB-834F-355CC6A00952}.Release|Any CPU.Deploy.0 = Release|Any CPU
	EndGlobalSection
	GlobalSection(SolutionProperties) = preSolution
		HideSolutionNode = FALSE
	EndGlobalSection
	GlobalSection(ExtensibilityGlobals) = postSolution
		SolutionGuid = {6A3A1903-742A-4000-B491-8A7891C760E7}
	EndGlobalSection
EndGlobal
